// !$*UTF8*$!
{
	archiveVersion = 1;
	classes = {
	};
	objectVersion = 46;
	objects = {

/* Begin PBXBuildFile section */
		AD0C50461E12BFA6007B4312 /* AccountManager.swift in Sources */ = {isa = PBXBuildFile; fileRef = AD0C50451E12BFA6007B4312 /* AccountManager.swift */; };
		AD0C50481E12C4D8007B4312 /* AccountViewController.swift in Sources */ = {isa = PBXBuildFile; fileRef = AD0C50471E12C4D8007B4312 /* AccountViewController.swift */; };
		AD0C504C1E12D09E007B4312 /* TimelineTableViewController.swift in Sources */ = {isa = PBXBuildFile; fileRef = AD0C504B1E12D09E007B4312 /* TimelineTableViewController.swift */; };
		AD0C50501E12E0D8007B4312 /* Tweet.swift in Sources */ = {isa = PBXBuildFile; fileRef = AD0C504F1E12E0D8007B4312 /* Tweet.swift */; };
		AD1F7C7E1E12B717009ACB03 /* MainViewController.swift in Sources */ = {isa = PBXBuildFile; fileRef = AD1F7C7D1E12B717009ACB03 /* MainViewController.swift */; };
		ADDA06441DF2FEA100ACFCB3 /* AppDelegate.swift in Sources */ = {isa = PBXBuildFile; fileRef = ADDA06431DF2FEA100ACFCB3 /* AppDelegate.swift */; };
		ADDA064B1DF2FEA100ACFCB3 /* Main.storyboard in Resources */ = {isa = PBXBuildFile; fileRef = ADDA06491DF2FEA100ACFCB3 /* Main.storyboard */; };
		ADDA064D1DF2FEA100ACFCB3 /* Assets.xcassets in Resources */ = {isa = PBXBuildFile; fileRef = ADDA064C1DF2FEA100ACFCB3 /* Assets.xcassets */; };
		ADDA06501DF2FEA100ACFCB3 /* LaunchScreen.storyboard in Resources */ = {isa = PBXBuildFile; fileRef = ADDA064E1DF2FEA100ACFCB3 /* LaunchScreen.storyboard */; };
		F8E7BE289B8F82E01653DACA /* Pods_hagikaze.framework in Frameworks */ = {isa = PBXBuildFile; fileRef = 69634616F299D86761DB2A97 /* Pods_hagikaze.framework */; };
/* End PBXBuildFile section */

/* Begin PBXCopyFilesBuildPhase section */
		AD238ABB1DF30159008EF91D /* Embed Frameworks */ = {
			isa = PBXCopyFilesBuildPhase;
			buildActionMask = 2147483647;
			dstPath = "";
			dstSubfolderSpec = 10;
			files = (
			);
			name = "Embed Frameworks";
			runOnlyForDeploymentPostprocessing = 0;
		};
/* End PBXCopyFilesBuildPhase section */

/* Begin PBXFileReference section */
		12D2D82CCDB70715A3D48385 /* Pods-hagikaze.release.xcconfig */ = {isa = PBXFileReference; includeInIndex = 1; lastKnownFileType = text.xcconfig; name = "Pods-hagikaze.release.xcconfig"; path = "Pods/Target Support Files/Pods-hagikaze/Pods-hagikaze.release.xcconfig"; sourceTree = "<group>"; };
		69634616F299D86761DB2A97 /* Pods_hagikaze.framework */ = {isa = PBXFileReference; explicitFileType = wrapper.framework; includeInIndex = 0; path = Pods_hagikaze.framework; sourceTree = BUILT_PRODUCTS_DIR; };
		A68F36C4E6BCCBA82C502E3A /* Pods-hagikaze.debug.xcconfig */ = {isa = PBXFileReference; includeInIndex = 1; lastKnownFileType = text.xcconfig; name = "Pods-hagikaze.debug.xcconfig"; path = "Pods/Target Support Files/Pods-hagikaze/Pods-hagikaze.debug.xcconfig"; sourceTree = "<group>"; };
		AD0C50451E12BFA6007B4312 /* AccountManager.swift */ = {isa = PBXFileReference; fileEncoding = 4; lastKnownFileType = sourcecode.swift; path = AccountManager.swift; sourceTree = "<group>"; };
		AD0C50471E12C4D8007B4312 /* AccountViewController.swift */ = {isa = PBXFileReference; fileEncoding = 4; lastKnownFileType = sourcecode.swift; path = AccountViewController.swift; sourceTree = "<group>"; };
		AD0C504B1E12D09E007B4312 /* TimelineTableViewController.swift */ = {isa = PBXFileReference; fileEncoding = 4; lastKnownFileType = sourcecode.swift; path = TimelineTableViewController.swift; sourceTree = "<group>"; };
		AD0C504F1E12E0D8007B4312 /* Tweet.swift */ = {isa = PBXFileReference; fileEncoding = 4; lastKnownFileType = sourcecode.swift; path = Tweet.swift; sourceTree = "<group>"; };
		AD1F7C7D1E12B717009ACB03 /* MainViewController.swift */ = {isa = PBXFileReference; fileEncoding = 4; lastKnownFileType = sourcecode.swift; path = MainViewController.swift; sourceTree = "<group>"; };
		ADDA06401DF2FEA100ACFCB3 /* hagikaze.app */ = {isa = PBXFileReference; explicitFileType = wrapper.application; includeInIndex = 0; path = hagikaze.app; sourceTree = BUILT_PRODUCTS_DIR; };
		ADDA06431DF2FEA100ACFCB3 /* AppDelegate.swift */ = {isa = PBXFileReference; lastKnownFileType = sourcecode.swift; path = AppDelegate.swift; sourceTree = "<group>"; };
		ADDA064A1DF2FEA100ACFCB3 /* Base */ = {isa = PBXFileReference; lastKnownFileType = file.storyboard; name = Base; path = Base.lproj/Main.storyboard; sourceTree = "<group>"; };
		ADDA064C1DF2FEA100ACFCB3 /* Assets.xcassets */ = {isa = PBXFileReference; lastKnownFileType = folder.assetcatalog; path = Assets.xcassets; sourceTree = "<group>"; };
		ADDA064F1DF2FEA100ACFCB3 /* Base */ = {isa = PBXFileReference; lastKnownFileType = file.storyboard; name = Base; path = Base.lproj/LaunchScreen.storyboard; sourceTree = "<group>"; };
		ADDA06511DF2FEA100ACFCB3 /* Info.plist */ = {isa = PBXFileReference; lastKnownFileType = text.plist.xml; path = Info.plist; sourceTree = "<group>"; };
/* End PBXFileReference section */

/* Begin PBXFrameworksBuildPhase section */
		ADDA063D1DF2FEA100ACFCB3 /* Frameworks */ = {
			isa = PBXFrameworksBuildPhase;
			buildActionMask = 2147483647;
			files = (
				F8E7BE289B8F82E01653DACA /* Pods_hagikaze.framework in Frameworks */,
			);
			runOnlyForDeploymentPostprocessing = 0;
		};
/* End PBXFrameworksBuildPhase section */

/* Begin PBXGroup section */
		3EF2180A0D9FAEE33F6C1379 /* Pods */ = {
			isa = PBXGroup;
			children = (
				A68F36C4E6BCCBA82C502E3A /* Pods-hagikaze.debug.xcconfig */,
				12D2D82CCDB70715A3D48385 /* Pods-hagikaze.release.xcconfig */,
			);
			name = Pods;
			sourceTree = "<group>";
		};
		ADDA06371DF2FEA100ACFCB3 = {
			isa = PBXGroup;
			children = (
				ADDA06421DF2FEA100ACFCB3 /* hagikaze */,
				ADDA06411DF2FEA100ACFCB3 /* Products */,
				3EF2180A0D9FAEE33F6C1379 /* Pods */,
				E8BDC1965141C7E9C52451BD /* Frameworks */,
			);
			sourceTree = "<group>";
		};
		ADDA06411DF2FEA100ACFCB3 /* Products */ = {
			isa = PBXGroup;
			children = (
				ADDA06401DF2FEA100ACFCB3 /* hagikaze.app */,
			);
			name = Products;
			sourceTree = "<group>";
		};
		ADDA06421DF2FEA100ACFCB3 /* hagikaze */ = {
			isa = PBXGroup;
			children = (
				ADDA06431DF2FEA100ACFCB3 /* AppDelegate.swift */,
				ADDA06491DF2FEA100ACFCB3 /* Main.storyboard */,
				ADDA064C1DF2FEA100ACFCB3 /* Assets.xcassets */,
				ADDA064E1DF2FEA100ACFCB3 /* LaunchScreen.storyboard */,
				ADDA06511DF2FEA100ACFCB3 /* Info.plist */,
				AD1F7C7D1E12B717009ACB03 /* MainViewController.swift */,
				AD0C50451E12BFA6007B4312 /* AccountManager.swift */,
				AD0C50471E12C4D8007B4312 /* AccountViewController.swift */,
				AD0C504B1E12D09E007B4312 /* TimelineTableViewController.swift */,
				AD0C504F1E12E0D8007B4312 /* Tweet.swift */,
			);
			path = hagikaze;
			sourceTree = "<group>";
		};
		E8BDC1965141C7E9C52451BD /* Frameworks */ = {
			isa = PBXGroup;
			children = (
				69634616F299D86761DB2A97 /* Pods_hagikaze.framework */,
			);
			name = Frameworks;
			sourceTree = "<group>";
		};
/* End PBXGroup section */

/* Begin PBXNativeTarget section */
		ADDA063F1DF2FEA100ACFCB3 /* hagikaze */ = {
			isa = PBXNativeTarget;
			buildConfigurationList = ADDA06541DF2FEA100ACFCB3 /* Build configuration list for PBXNativeTarget "hagikaze" */;
			buildPhases = (
				1055CE3867645B6916870FDD /* [CP] Check Pods Manifest.lock */,
				ADDA063C1DF2FEA100ACFCB3 /* Sources */,
				ADDA063D1DF2FEA100ACFCB3 /* Frameworks */,
				ADDA063E1DF2FEA100ACFCB3 /* Resources */,
				AD238ABB1DF30159008EF91D /* Embed Frameworks */,
				0B4022C6EC81A05F41D95E1F /* [CP] Embed Pods Frameworks */,
				9F594A812FA9F4EC98D61982 /* [CP] Copy Pods Resources */,
			);
			buildRules = (
			);
			dependencies = (
			);
			name = hagikaze;
			productName = hagikaze;
			productReference = ADDA06401DF2FEA100ACFCB3 /* hagikaze.app */;
			productType = "com.apple.product-type.application";
		};
/* End PBXNativeTarget section */

/* Begin PBXProject section */
		ADDA06381DF2FEA100ACFCB3 /* Project object */ = {
			isa = PBXProject;
			attributes = {
				LastSwiftUpdateCheck = 0810;
				LastUpgradeCheck = 0810;
				ORGANIZATIONNAME = sapphire;
				TargetAttributes = {
					ADDA063F1DF2FEA100ACFCB3 = {
						CreatedOnToolsVersion = 8.1;
						DevelopmentTeam = 3SAKQQACR7;
						ProvisioningStyle = Automatic;
					};
				};
			};
			buildConfigurationList = ADDA063B1DF2FEA100ACFCB3 /* Build configuration list for PBXProject "hagikaze" */;
			compatibilityVersion = "Xcode 3.2";
			developmentRegion = English;
			hasScannedForEncodings = 0;
			knownRegions = (
				en,
				Base,
			);
			mainGroup = ADDA06371DF2FEA100ACFCB3;
			productRefGroup = ADDA06411DF2FEA100ACFCB3 /* Products */;
			projectDirPath = "";
			projectRoot = "";
			targets = (
				ADDA063F1DF2FEA100ACFCB3 /* hagikaze */,
			);
		};
/* End PBXProject section */

/* Begin PBXResourcesBuildPhase section */
		ADDA063E1DF2FEA100ACFCB3 /* Resources */ = {
			isa = PBXResourcesBuildPhase;
			buildActionMask = 2147483647;
			files = (
				ADDA06501DF2FEA100ACFCB3 /* LaunchScreen.storyboard in Resources */,
				ADDA064D1DF2FEA100ACFCB3 /* Assets.xcassets in Resources */,
				ADDA064B1DF2FEA100ACFCB3 /* Main.storyboard in Resources */,
			);
			runOnlyForDeploymentPostprocessing = 0;
		};
/* End PBXResourcesBuildPhase section */

/* Begin PBXShellScriptBuildPhase section */
		0B4022C6EC81A05F41D95E1F /* [CP] Embed Pods Frameworks */ = {
			isa = PBXShellScriptBuildPhase;
			buildActionMask = 2147483647;
			files = (
			);
			inputPaths = (
			);
			name = "[CP] Embed Pods Frameworks";
			outputPaths = (
			);
			runOnlyForDeploymentPostprocessing = 0;
			shellPath = /bin/sh;
			shellScript = "\"${SRCROOT}/Pods/Target Support Files/Pods-hagikaze/Pods-hagikaze-frameworks.sh\"\n";
			showEnvVarsInLog = 0;
		};
		1055CE3867645B6916870FDD /* [CP] Check Pods Manifest.lock */ = {
			isa = PBXShellScriptBuildPhase;
			buildActionMask = 2147483647;
			files = (
			);
			inputPaths = (
			);
			name = "[CP] Check Pods Manifest.lock";
			outputPaths = (
			);
			runOnlyForDeploymentPostprocessing = 0;
			shellPath = /bin/sh;
			shellScript = "diff \"${PODS_ROOT}/../Podfile.lock\" \"${PODS_ROOT}/Manifest.lock\" > /dev/null\nif [ $? != 0 ] ; then\n    # print error to STDERR\n    echo \"error: The sandbox is not in sync with the Podfile.lock. Run 'pod install' or update your CocoaPods installation.\" >&2\n    exit 1\nfi\n";
			showEnvVarsInLog = 0;
		};
		9F594A812FA9F4EC98D61982 /* [CP] Copy Pods Resources */ = {
			isa = PBXShellScriptBuildPhase;
			buildActionMask = 2147483647;
			files = (
			);
			inputPaths = (
			);
			name = "[CP] Copy Pods Resources";
			outputPaths = (
			);
			runOnlyForDeploymentPostprocessing = 0;
			shellPath = /bin/sh;
			shellScript = "\"${SRCROOT}/Pods/Target Support Files/Pods-hagikaze/Pods-hagikaze-resources.sh\"\n";
			showEnvVarsInLog = 0;
		};
/* End PBXShellScriptBuildPhase section */

/* Begin PBXSourcesBuildPhase section */
		ADDA063C1DF2FEA100ACFCB3 /* Sources */ = {
			isa = PBXSourcesBuildPhase;
			buildActionMask = 2147483647;
			files = (
				ADDA06441DF2FEA100ACFCB3 /* AppDelegate.swift in Sources */,
				AD1F7C7E1E12B717009ACB03 /* MainViewController.swift in Sources */,
				AD0C504C1E12D09E007B4312 /* TimelineTableViewController.swift in Sources */,
				AD0C50501E12E0D8007B4312 /* Tweet.swift in Sources */,
				AD0C50481E12C4D8007B4312 /* AccountViewController.swift in Sources */,
				AD0C50461E12BFA6007B4312 /* AccountManager.swift in Sources */,
			);
			runOnlyForDeploymentPostprocessing = 0;
		};
/* End PBXSourcesBuildPhase section */

/* Begin PBXVariantGroup section */
		ADDA06491DF2FEA100ACFCB3 /* Main.storyboard */ = {
			isa = PBXVariantGroup;
			children = (
				ADDA064A1DF2FEA100ACFCB3 /* Base */,
			);
			name = Main.storyboard;
			sourceTree = "<group>";
		};
		ADDA064E1DF2FEA100ACFCB3 /* LaunchScreen.storyboard */ = {
			isa = PBXVariantGroup;
			children = (
				ADDA064F1DF2FEA100ACFCB3 /* Base */,
			);
			name = LaunchScreen.storyboard;
			sourceTree = "<group>";
		};
/* End PBXVariantGroup section */

/* Begin XCBuildConfiguration section */
		ADDA06521DF2FEA100ACFCB3 /* Debug */ = {
			isa = XCBuildConfiguration;
			buildSettings = {
				ALWAYS_SEARCH_USER_PATHS = NO;
				CLANG_ANALYZER_NONNULL = YES;
				CLANG_CXX_LANGUAGE_STANDARD = "gnu++0x";
				CLANG_CXX_LIBRARY = "libc++";
				CLANG_ENABLE_MODULES = YES;
				CLANG_ENABLE_OBJC_ARC = YES;
				CLANG_WARN_BOOL_CONVERSION = YES;
				CLANG_WARN_CONSTANT_CONVERSION = YES;
				CLANG_WARN_DIRECT_OBJC_ISA_USAGE = YES_ERROR;
				CLANG_WARN_DOCUMENTATION_COMMENTS = YES;
				CLANG_WARN_EMPTY_BODY = YES;
				CLANG_WARN_ENUM_CONVERSION = YES;
				CLANG_WARN_INFINITE_RECURSION = YES;
				CLANG_WARN_INT_CONVERSION = YES;
				CLANG_WARN_OBJC_ROOT_CLASS = YES_ERROR;
				CLANG_WARN_SUSPICIOUS_MOVES = YES;
				CLANG_WARN_UNREACHABLE_CODE = YES;
				CLANG_WARN__DUPLICATE_METHOD_MATCH = YES;
				"CODE_SIGN_IDENTITY[sdk=iphoneos*]" = "iPhone Developer";
				COPY_PHASE_STRIP = NO;
				DEBUG_INFORMATION_FORMAT = dwarf;
				ENABLE_STRICT_OBJC_MSGSEND = YES;
				ENABLE_TESTABILITY = YES;
				GCC_C_LANGUAGE_STANDARD = gnu99;
				GCC_DYNAMIC_NO_PIC = NO;
				GCC_NO_COMMON_BLOCKS = YES;
				GCC_OPTIMIZATION_LEVEL = 0;
				GCC_PREPROCESSOR_DEFINITIONS = (
					"DEBUG=1",
					"$(inherited)",
				);
				GCC_WARN_64_TO_32_BIT_CONVERSION = YES;
				GCC_WARN_ABOUT_RETURN_TYPE = YES_ERROR;
				GCC_WARN_UNDECLARED_SELECTOR = YES;
				GCC_WARN_UNINITIALIZED_AUTOS = YES_AGGRESSIVE;
				GCC_WARN_UNUSED_FUNCTION = YES;
				GCC_WARN_UNUSED_VARIABLE = YES;
				IPHONEOS_DEPLOYMENT_TARGET = 10.1;
				MTL_ENABLE_DEBUG_INFO = YES;
				ONLY_ACTIVE_ARCH = YES;
				SDKROOT = iphoneos;
				SWIFT_ACTIVE_COMPILATION_CONDITIONS = DEBUG;
				SWIFT_OPTIMIZATION_LEVEL = "-Onone";
				TARGETED_DEVICE_FAMILY = "1,2";
			};
			name = Debug;
		};
		ADDA06531DF2FEA100ACFCB3 /* Release */ = {
			isa = XCBuildConfiguration;
			buildSettings = {
				ALWAYS_SEARCH_USER_PATHS = NO;
				CLANG_ANALYZER_NONNULL = YES;
				CLANG_CXX_LANGUAGE_STANDARD = "gnu++0x";
				CLANG_CXX_LIBRARY = "libc++";
				CLANG_ENABLE_MODULES = YES;
				CLANG_ENABLE_OBJC_ARC = YES;
				CLANG_WARN_BOOL_CONVERSION = YES;
				CLANG_WARN_CONSTANT_CONVERSION = YES;
				CLANG_WARN_DIRECT_OBJC_ISA_USAGE = YES_ERROR;
				CLANG_WARN_DOCUMENTATION_COMMENTS = YES;
				CLANG_WARN_EMPTY_BODY = YES;
				CLANG_WARN_ENUM_CONVERSION = YES;
				CLANG_WARN_INFINITE_RECURSION = YES;
				CLANG_WARN_INT_CONVERSION = YES;
				CLANG_WARN_OBJC_ROOT_CLASS = YES_ERROR;
				CLANG_WARN_SUSPICIOUS_MOVES = YES;
				CLANG_WARN_UNREACHABLE_CODE = YES;
				CLANG_WARN__DUPLICATE_METHOD_MATCH = YES;
				"CODE_SIGN_IDENTITY[sdk=iphoneos*]" = "iPhone Developer";
				COPY_PHASE_STRIP = NO;
				DEBUG_INFORMATION_FORMAT = "dwarf-with-dsym";
				ENABLE_NS_ASSERTIONS = NO;
				ENABLE_STRICT_OBJC_MSGSEND = YES;
				GCC_C_LANGUAGE_STANDARD = gnu99;
				GCC_NO_COMMON_BLOCKS = YES;
				GCC_WARN_64_TO_32_BIT_CONVERSION = YES;
				GCC_WARN_ABOUT_RETURN_TYPE = YES_ERROR;
				GCC_WARN_UNDECLARED_SELECTOR = YES;
				GCC_WARN_UNINITIALIZED_AUTOS = YES_AGGRESSIVE;
				GCC_WARN_UNUSED_FUNCTION = YES;
				GCC_WARN_UNUSED_VARIABLE = YES;
				IPHONEOS_DEPLOYMENT_TARGET = 10.1;
				MTL_ENABLE_DEBUG_INFO = NO;
				SDKROOT = iphoneos;
				SWIFT_OPTIMIZATION_LEVEL = "-Owholemodule";
				TARGETED_DEVICE_FAMILY = "1,2";
				VALIDATE_PRODUCT = YES;
			};
			name = Release;
		};
		ADDA06551DF2FEA100ACFCB3 /* Debug */ = {
			isa = XCBuildConfiguration;
			baseConfigurationReference = A68F36C4E6BCCBA82C502E3A /* Pods-hagikaze.debug.xcconfig */;
			buildSettings = {
				ALWAYS_EMBED_SWIFT_STANDARD_LIBRARIES = YES;
				ASSETCATALOG_COMPILER_APPICON_NAME = AppIcon;
				DEVELOPMENT_TEAM = 3SAKQQACR7;
				INFOPLIST_FILE = hagikaze/Info.plist;
				LD_RUNPATH_SEARCH_PATHS = "$(inherited) @executable_path/Frameworks";
				PRODUCT_BUNDLE_IDENTIFIER = sh.sapphire.hagikaze;
				PRODUCT_NAME = "$(TARGET_NAME)";
				SWIFT_VERSION = 3.0;
			};
			name = Debug;
		};
		ADDA06561DF2FEA100ACFCB3 /* Release */ = {
			isa = XCBuildConfiguration;
			baseConfigurationReference = 12D2D82CCDB70715A3D48385 /* Pods-hagikaze.release.xcconfig */;
			buildSettings = {
				ALWAYS_EMBED_SWIFT_STANDARD_LIBRARIES = YES;
				ASSETCATALOG_COMPILER_APPICON_NAME = AppIcon;
				DEVELOPMENT_TEAM = 3SAKQQACR7;
				INFOPLIST_FILE = hagikaze/Info.plist;
				LD_RUNPATH_SEARCH_PATHS = "$(inherited) @executable_path/Frameworks";
				PRODUCT_BUNDLE_IDENTIFIER = sh.sapphire.hagikaze;
				PRODUCT_NAME = "$(TARGET_NAME)";
				SWIFT_VERSION = 3.0;
			};
			name = Release;
		};
/* End XCBuildConfiguration section */

/* Begin XCConfigurationList section */
		ADDA063B1DF2FEA100ACFCB3 /* Build configuration list for PBXProject "hagikaze" */ = {
			isa = XCConfigurationList;
			buildConfigurations = (
				ADDA06521DF2FEA100ACFCB3 /* Debug */,
				ADDA06531DF2FEA100ACFCB3 /* Release */,
			);
			defaultConfigurationIsVisible = 0;
			defaultConfigurationName = Release;
		};
		ADDA06541DF2FEA100ACFCB3 /* Build configuration list for PBXNativeTarget "hagikaze" */ = {
			isa = XCConfigurationList;
			buildConfigurations = (
				ADDA06551DF2FEA100ACFCB3 /* Debug */,
				ADDA06561DF2FEA100ACFCB3 /* Release */,
			);
			defaultConfigurationIsVisible = 0;
			defaultConfigurationName = Release;
		};
/* End XCConfigurationList section */
	};
	rootObject = ADDA06381DF2FEA100ACFCB3 /* Project object */;
}
