// !$*UTF8*$!
{
	archiveVersion = 1;
	classes = {
	};
	objectVersion = 50;
	objects = {

/* Begin PBXBuildFile section */
		AD5C7D9821C10B04005036D2 /* AppDelegate.swift in Sources */ = {isa = PBXBuildFile; fileRef = AD5C7D9721C10B04005036D2 /* AppDelegate.swift */; };
		AD5C7D9A21C10B04005036D2 /* art.scnassets in Resources */ = {isa = PBXBuildFile; fileRef = AD5C7D9921C10B04005036D2 /* art.scnassets */; };
		AD5C7D9C21C10B04005036D2 /* ViewController.swift in Sources */ = {isa = PBXBuildFile; fileRef = AD5C7D9B21C10B04005036D2 /* ViewController.swift */; };
		AD5C7D9F21C10B04005036D2 /* Main.storyboard in Resources */ = {isa = PBXBuildFile; fileRef = AD5C7D9D21C10B04005036D2 /* Main.storyboard */; };
		AD5C7DA121C10B06005036D2 /* Assets.xcassets in Resources */ = {isa = PBXBuildFile; fileRef = AD5C7DA021C10B06005036D2 /* Assets.xcassets */; };
		AD5C7DA421C10B06005036D2 /* LaunchScreen.storyboard in Resources */ = {isa = PBXBuildFile; fileRef = AD5C7DA221C10B06005036D2 /* LaunchScreen.storyboard */; };
		AD5C7DAF21C10B06005036D2 /* hagikazeTests.swift in Sources */ = {isa = PBXBuildFile; fileRef = AD5C7DAE21C10B06005036D2 /* hagikazeTests.swift */; };
		AD5C7DBA21C10B06005036D2 /* hagikazeUITests.swift in Sources */ = {isa = PBXBuildFile; fileRef = AD5C7DB921C10B06005036D2 /* hagikazeUITests.swift */; };
		AD5C7DC821C10FD6005036D2 /* OAuthSwift.framework in Frameworks */ = {isa = PBXBuildFile; fileRef = AD5C7DC721C10FD6005036D2 /* OAuthSwift.framework */; };
		AD5C7DC921C10FD6005036D2 /* OAuthSwift.framework in Embed Frameworks */ = {isa = PBXBuildFile; fileRef = AD5C7DC721C10FD6005036D2 /* OAuthSwift.framework */; settings = {ATTRIBUTES = (CodeSignOnCopy, RemoveHeadersOnCopy, ); }; };
		AD5C7DCC21C110CC005036D2 /* MainViewController.swift in Sources */ = {isa = PBXBuildFile; fileRef = AD5C7DCB21C110CC005036D2 /* MainViewController.swift */; };
/* End PBXBuildFile section */

/* Begin PBXContainerItemProxy section */
		AD5C7DAB21C10B06005036D2 /* PBXContainerItemProxy */ = {
			isa = PBXContainerItemProxy;
			containerPortal = AD5C7D8C21C10B04005036D2 /* Project object */;
			proxyType = 1;
			remoteGlobalIDString = AD5C7D9321C10B04005036D2;
			remoteInfo = hagikaze;
		};
		AD5C7DB621C10B06005036D2 /* PBXContainerItemProxy */ = {
			isa = PBXContainerItemProxy;
			containerPortal = AD5C7D8C21C10B04005036D2 /* Project object */;
			proxyType = 1;
			remoteGlobalIDString = AD5C7D9321C10B04005036D2;
			remoteInfo = hagikaze;
		};
/* End PBXContainerItemProxy section */

/* Begin PBXCopyFilesBuildPhase section */
		AD5C7DCA21C10FD6005036D2 /* Embed Frameworks */ = {
			isa = PBXCopyFilesBuildPhase;
			buildActionMask = 2147483647;
			dstPath = "";
			dstSubfolderSpec = 10;
			files = (
				AD5C7DC921C10FD6005036D2 /* OAuthSwift.framework in Embed Frameworks */,
			);
			name = "Embed Frameworks";
			runOnlyForDeploymentPostprocessing = 0;
		};
/* End PBXCopyFilesBuildPhase section */

/* Begin PBXFileReference section */
		AD5C7D9421C10B04005036D2 /* hagikaze.app */ = {isa = PBXFileReference; explicitFileType = wrapper.application; includeInIndex = 0; path = hagikaze.app; sourceTree = BUILT_PRODUCTS_DIR; };
		AD5C7D9721C10B04005036D2 /* AppDelegate.swift */ = {isa = PBXFileReference; lastKnownFileType = sourcecode.swift; path = AppDelegate.swift; sourceTree = "<group>"; };
		AD5C7D9921C10B04005036D2 /* art.scnassets */ = {isa = PBXFileReference; lastKnownFileType = wrapper.scnassets; path = art.scnassets; sourceTree = "<group>"; };
		AD5C7D9B21C10B04005036D2 /* ViewController.swift */ = {isa = PBXFileReference; lastKnownFileType = sourcecode.swift; path = ViewController.swift; sourceTree = "<group>"; };
		AD5C7D9E21C10B04005036D2 /* Base */ = {isa = PBXFileReference; lastKnownFileType = file.storyboard; name = Base; path = Base.lproj/Main.storyboard; sourceTree = "<group>"; };
		AD5C7DA021C10B06005036D2 /* Assets.xcassets */ = {isa = PBXFileReference; lastKnownFileType = folder.assetcatalog; path = Assets.xcassets; sourceTree = "<group>"; };
		AD5C7DA321C10B06005036D2 /* Base */ = {isa = PBXFileReference; lastKnownFileType = file.storyboard; name = Base; path = Base.lproj/LaunchScreen.storyboard; sourceTree = "<group>"; };
		AD5C7DA521C10B06005036D2 /* Info.plist */ = {isa = PBXFileReference; lastKnownFileType = text.plist.xml; path = Info.plist; sourceTree = "<group>"; };
		AD5C7DAA21C10B06005036D2 /* hagikazeTests.xctest */ = {isa = PBXFileReference; explicitFileType = wrapper.cfbundle; includeInIndex = 0; path = hagikazeTests.xctest; sourceTree = BUILT_PRODUCTS_DIR; };
		AD5C7DAE21C10B06005036D2 /* hagikazeTests.swift */ = {isa = PBXFileReference; lastKnownFileType = sourcecode.swift; path = hagikazeTests.swift; sourceTree = "<group>"; };
		AD5C7DB021C10B06005036D2 /* Info.plist */ = {isa = PBXFileReference; lastKnownFileType = text.plist.xml; path = Info.plist; sourceTree = "<group>"; };
		AD5C7DB521C10B06005036D2 /* hagikazeUITests.xctest */ = {isa = PBXFileReference; explicitFileType = wrapper.cfbundle; includeInIndex = 0; path = hagikazeUITests.xctest; sourceTree = BUILT_PRODUCTS_DIR; };
		AD5C7DB921C10B06005036D2 /* hagikazeUITests.swift */ = {isa = PBXFileReference; lastKnownFileType = sourcecode.swift; path = hagikazeUITests.swift; sourceTree = "<group>"; };
		AD5C7DBB21C10B06005036D2 /* Info.plist */ = {isa = PBXFileReference; lastKnownFileType = text.plist.xml; path = Info.plist; sourceTree = "<group>"; };
		AD5C7DC721C10FD6005036D2 /* OAuthSwift.framework */ = {isa = PBXFileReference; lastKnownFileType = wrapper.framework; name = OAuthSwift.framework; path = Carthage/Build/iOS/OAuthSwift.framework; sourceTree = "<group>"; };
		AD5C7DCB21C110CC005036D2 /* MainViewController.swift */ = {isa = PBXFileReference; lastKnownFileType = sourcecode.swift; path = MainViewController.swift; sourceTree = "<group>"; };
/* End PBXFileReference section */

/* Begin PBXFrameworksBuildPhase section */
		AD5C7D9121C10B04005036D2 /* Frameworks */ = {
			isa = PBXFrameworksBuildPhase;
			buildActionMask = 2147483647;
			files = (
				AD5C7DC821C10FD6005036D2 /* OAuthSwift.framework in Frameworks */,
			);
			runOnlyForDeploymentPostprocessing = 0;
		};
		AD5C7DA721C10B06005036D2 /* Frameworks */ = {
			isa = PBXFrameworksBuildPhase;
			buildActionMask = 2147483647;
			files = (
			);
			runOnlyForDeploymentPostprocessing = 0;
		};
		AD5C7DB221C10B06005036D2 /* Frameworks */ = {
			isa = PBXFrameworksBuildPhase;
			buildActionMask = 2147483647;
			files = (
			);
			runOnlyForDeploymentPostprocessing = 0;
		};
/* End PBXFrameworksBuildPhase section */

/* Begin PBXGroup section */
		AD5C7D8B21C10B04005036D2 = {
			isa = PBXGroup;
			children = (
				AD5C7DC721C10FD6005036D2 /* OAuthSwift.framework */,
				AD5C7D9621C10B04005036D2 /* hagikaze */,
				AD5C7DAD21C10B06005036D2 /* hagikazeTests */,
				AD5C7DB821C10B06005036D2 /* hagikazeUITests */,
				AD5C7D9521C10B04005036D2 /* Products */,
			);
			sourceTree = "<group>";
		};
		AD5C7D9521C10B04005036D2 /* Products */ = {
			isa = PBXGroup;
			children = (
				AD5C7D9421C10B04005036D2 /* hagikaze.app */,
				AD5C7DAA21C10B06005036D2 /* hagikazeTests.xctest */,
				AD5C7DB521C10B06005036D2 /* hagikazeUITests.xctest */,
			);
			name = Products;
			sourceTree = "<group>";
		};
		AD5C7D9621C10B04005036D2 /* hagikaze */ = {
			isa = PBXGroup;
			children = (
				AD5C7D9721C10B04005036D2 /* AppDelegate.swift */,
				AD5C7D9921C10B04005036D2 /* art.scnassets */,
				AD5C7D9B21C10B04005036D2 /* ViewController.swift */,
				AD5C7D9D21C10B04005036D2 /* Main.storyboard */,
				AD5C7DA021C10B06005036D2 /* Assets.xcassets */,
				AD5C7DA221C10B06005036D2 /* LaunchScreen.storyboard */,
				AD5C7DA521C10B06005036D2 /* Info.plist */,
				AD5C7DCB21C110CC005036D2 /* MainViewController.swift */,
			);
			path = hagikaze;
			sourceTree = "<group>";
		};
		AD5C7DAD21C10B06005036D2 /* hagikazeTests */ = {
			isa = PBXGroup;
			children = (
				AD5C7DAE21C10B06005036D2 /* hagikazeTests.swift */,
				AD5C7DB021C10B06005036D2 /* Info.plist */,
			);
			path = hagikazeTests;
			sourceTree = "<group>";
		};
		AD5C7DB821C10B06005036D2 /* hagikazeUITests */ = {
			isa = PBXGroup;
			children = (
				AD5C7DB921C10B06005036D2 /* hagikazeUITests.swift */,
				AD5C7DBB21C10B06005036D2 /* Info.plist */,
			);
			path = hagikazeUITests;
			sourceTree = "<group>";
		};
/* End PBXGroup section */

/* Begin PBXNativeTarget section */
		AD5C7D9321C10B04005036D2 /* hagikaze */ = {
			isa = PBXNativeTarget;
			buildConfigurationList = AD5C7DBE21C10B06005036D2 /* Build configuration list for PBXNativeTarget "hagikaze" */;
			buildPhases = (
				AD5C7D9021C10B04005036D2 /* Sources */,
				AD5C7D9121C10B04005036D2 /* Frameworks */,
				AD5C7D9221C10B04005036D2 /* Resources */,
				AD5C7DCA21C10FD6005036D2 /* Embed Frameworks */,
			);
			buildRules = (
			);
			dependencies = (
			);
			name = hagikaze;
			productName = hagikaze;
			productReference = AD5C7D9421C10B04005036D2 /* hagikaze.app */;
			productType = "com.apple.product-type.application";
		};
		AD5C7DA921C10B06005036D2 /* hagikazeTests */ = {
			isa = PBXNativeTarget;
			buildConfigurationList = AD5C7DC121C10B06005036D2 /* Build configuration list for PBXNativeTarget "hagikazeTests" */;
			buildPhases = (
				AD5C7DA621C10B06005036D2 /* Sources */,
				AD5C7DA721C10B06005036D2 /* Frameworks */,
				AD5C7DA821C10B06005036D2 /* Resources */,
			);
			buildRules = (
			);
			dependencies = (
				AD5C7DAC21C10B06005036D2 /* PBXTargetDependency */,
			);
			name = hagikazeTests;
			productName = hagikazeTests;
			productReference = AD5C7DAA21C10B06005036D2 /* hagikazeTests.xctest */;
			productType = "com.apple.product-type.bundle.unit-test";
		};
		AD5C7DB421C10B06005036D2 /* hagikazeUITests */ = {
			isa = PBXNativeTarget;
			buildConfigurationList = AD5C7DC421C10B06005036D2 /* Build configuration list for PBXNativeTarget "hagikazeUITests" */;
			buildPhases = (
				AD5C7DB121C10B06005036D2 /* Sources */,
				AD5C7DB221C10B06005036D2 /* Frameworks */,
				AD5C7DB321C10B06005036D2 /* Resources */,
			);
			buildRules = (
			);
			dependencies = (
				AD5C7DB721C10B06005036D2 /* PBXTargetDependency */,
			);
			name = hagikazeUITests;
			productName = hagikazeUITests;
			productReference = AD5C7DB521C10B06005036D2 /* hagikazeUITests.xctest */;
			productType = "com.apple.product-type.bundle.ui-testing";
		};
/* End PBXNativeTarget section */

/* Begin PBXProject section */
		AD5C7D8C21C10B04005036D2 /* Project object */ = {
			isa = PBXProject;
			attributes = {
				LastSwiftUpdateCheck = 1010;
				LastUpgradeCheck = 1010;
				ORGANIZATIONNAME = sapphire;
				TargetAttributes = {
					AD5C7D9321C10B04005036D2 = {
						CreatedOnToolsVersion = 10.1;
					};
					AD5C7DA921C10B06005036D2 = {
						CreatedOnToolsVersion = 10.1;
						TestTargetID = AD5C7D9321C10B04005036D2;
					};
					AD5C7DB421C10B06005036D2 = {
						CreatedOnToolsVersion = 10.1;
						TestTargetID = AD5C7D9321C10B04005036D2;
					};
				};
			};
			buildConfigurationList = AD5C7D8F21C10B04005036D2 /* Build configuration list for PBXProject "hagikaze" */;
			compatibilityVersion = "Xcode 9.3";
			developmentRegion = en;
			hasScannedForEncodings = 0;
			knownRegions = (
				en,
				Base,
			);
			mainGroup = AD5C7D8B21C10B04005036D2;
			productRefGroup = AD5C7D9521C10B04005036D2 /* Products */;
			projectDirPath = "";
			projectRoot = "";
			targets = (
				AD5C7D9321C10B04005036D2 /* hagikaze */,
				AD5C7DA921C10B06005036D2 /* hagikazeTests */,
				AD5C7DB421C10B06005036D2 /* hagikazeUITests */,
			);
		};
/* End PBXProject section */

/* Begin PBXResourcesBuildPhase section */
		AD5C7D9221C10B04005036D2 /* Resources */ = {
			isa = PBXResourcesBuildPhase;
			buildActionMask = 2147483647;
			files = (
				AD5C7D9A21C10B04005036D2 /* art.scnassets in Resources */,
				AD5C7DA421C10B06005036D2 /* LaunchScreen.storyboard in Resources */,
				AD5C7DA121C10B06005036D2 /* Assets.xcassets in Resources */,
				AD5C7D9F21C10B04005036D2 /* Main.storyboard in Resources */,
			);
			runOnlyForDeploymentPostprocessing = 0;
		};
		AD5C7DA821C10B06005036D2 /* Resources */ = {
			isa = PBXResourcesBuildPhase;
			buildActionMask = 2147483647;
			files = (
			);
			runOnlyForDeploymentPostprocessing = 0;
		};
		AD5C7DB321C10B06005036D2 /* Resources */ = {
			isa = PBXResourcesBuildPhase;
			buildActionMask = 2147483647;
			files = (
			);
			runOnlyForDeploymentPostprocessing = 0;
		};
/* End PBXResourcesBuildPhase section */

/* Begin PBXSourcesBuildPhase section */
		AD5C7D9021C10B04005036D2 /* Sources */ = {
			isa = PBXSourcesBuildPhase;
			buildActionMask = 2147483647;
			files = (
				AD5C7DCC21C110CC005036D2 /* MainViewController.swift in Sources */,
				AD5C7D9C21C10B04005036D2 /* ViewController.swift in Sources */,
				AD5C7D9821C10B04005036D2 /* AppDelegate.swift in Sources */,
			);
			runOnlyForDeploymentPostprocessing = 0;
		};
		AD5C7DA621C10B06005036D2 /* Sources */ = {
			isa = PBXSourcesBuildPhase;
			buildActionMask = 2147483647;
			files = (
				AD5C7DAF21C10B06005036D2 /* hagikazeTests.swift in Sources */,
			);
			runOnlyForDeploymentPostprocessing = 0;
		};
		AD5C7DB121C10B06005036D2 /* Sources */ = {
			isa = PBXSourcesBuildPhase;
			buildActionMask = 2147483647;
			files = (
				AD5C7DBA21C10B06005036D2 /* hagikazeUITests.swift in Sources */,
			);
			runOnlyForDeploymentPostprocessing = 0;
		};
/* End PBXSourcesBuildPhase section */

/* Begin PBXTargetDependency section */
		AD5C7DAC21C10B06005036D2 /* PBXTargetDependency */ = {
			isa = PBXTargetDependency;
			target = AD5C7D9321C10B04005036D2 /* hagikaze */;
			targetProxy = AD5C7DAB21C10B06005036D2 /* PBXContainerItemProxy */;
		};
		AD5C7DB721C10B06005036D2 /* PBXTargetDependency */ = {
			isa = PBXTargetDependency;
			target = AD5C7D9321C10B04005036D2 /* hagikaze */;
			targetProxy = AD5C7DB621C10B06005036D2 /* PBXContainerItemProxy */;
		};
/* End PBXTargetDependency section */

/* Begin PBXVariantGroup section */
		AD5C7D9D21C10B04005036D2 /* Main.storyboard */ = {
			isa = PBXVariantGroup;
			children = (
				AD5C7D9E21C10B04005036D2 /* Base */,
			);
			name = Main.storyboard;
			sourceTree = "<group>";
		};
		AD5C7DA221C10B06005036D2 /* LaunchScreen.storyboard */ = {
			isa = PBXVariantGroup;
			children = (
				AD5C7DA321C10B06005036D2 /* Base */,
			);
			name = LaunchScreen.storyboard;
			sourceTree = "<group>";
		};
/* End PBXVariantGroup section */

/* Begin XCBuildConfiguration section */
		AD5C7DBC21C10B06005036D2 /* Debug */ = {
			isa = XCBuildConfiguration;
			buildSettings = {
				ALWAYS_SEARCH_USER_PATHS = NO;
				CLANG_ANALYZER_NONNULL = YES;
				CLANG_ANALYZER_NUMBER_OBJECT_CONVERSION = YES_AGGRESSIVE;
				CLANG_CXX_LANGUAGE_STANDARD = "gnu++14";
				CLANG_CXX_LIBRARY = "libc++";
				CLANG_ENABLE_MODULES = YES;
				CLANG_ENABLE_OBJC_ARC = YES;
				CLANG_ENABLE_OBJC_WEAK = YES;
				CLANG_WARN_BLOCK_CAPTURE_AUTORELEASING = YES;
				CLANG_WARN_BOOL_CONVERSION = YES;
				CLANG_WARN_COMMA = YES;
				CLANG_WARN_CONSTANT_CONVERSION = YES;
				CLANG_WARN_DEPRECATED_OBJC_IMPLEMENTATIONS = YES;
				CLANG_WARN_DIRECT_OBJC_ISA_USAGE = YES_ERROR;
				CLANG_WARN_DOCUMENTATION_COMMENTS = YES;
				CLANG_WARN_EMPTY_BODY = YES;
				CLANG_WARN_ENUM_CONVERSION = YES;
				CLANG_WARN_INFINITE_RECURSION = YES;
				CLANG_WARN_INT_CONVERSION = YES;
				CLANG_WARN_NON_LITERAL_NULL_CONVERSION = YES;
				CLANG_WARN_OBJC_IMPLICIT_RETAIN_SELF = YES;
				CLANG_WARN_OBJC_LITERAL_CONVERSION = YES;
				CLANG_WARN_OBJC_ROOT_CLASS = YES_ERROR;
				CLANG_WARN_RANGE_LOOP_ANALYSIS = YES;
				CLANG_WARN_STRICT_PROTOTYPES = YES;
				CLANG_WARN_SUSPICIOUS_MOVE = YES;
				CLANG_WARN_UNGUARDED_AVAILABILITY = YES_AGGRESSIVE;
				CLANG_WARN_UNREACHABLE_CODE = YES;
				CLANG_WARN__DUPLICATE_METHOD_MATCH = YES;
				CODE_SIGN_IDENTITY = "iPhone Developer";
				COPY_PHASE_STRIP = NO;
				DEBUG_INFORMATION_FORMAT = dwarf;
				ENABLE_STRICT_OBJC_MSGSEND = YES;
				ENABLE_TESTABILITY = YES;
				GCC_C_LANGUAGE_STANDARD = gnu11;
				GCC_DYNAMIC_NO_PIC = NO;
				GCC_NO_COMMON_BLOCKS = YES;
				GCC_OPTIMIZATION_LEVEL = 0;
				GCC_PREPROCESSOR_DEFINITIONS = (
					"DEBUG=1",
					"$(inherited)",
				);
				GCC_WARN_64_TO_32_BIT_CONVERSION = YES;
				GCC_WARN_ABOUT_RETURN_TYPE = YES_ERROR;
				GCC_WARN_UNDECLARED_SELECTOR = YES;
				GCC_WARN_UNINITIALIZED_AUTOS = YES_AGGRESSIVE;
				GCC_WARN_UNUSED_FUNCTION = YES;
				GCC_WARN_UNUSED_VARIABLE = YES;
				IPHONEOS_DEPLOYMENT_TARGET = 12.1;
				MTL_ENABLE_DEBUG_INFO = INCLUDE_SOURCE;
				MTL_FAST_MATH = YES;
				ONLY_ACTIVE_ARCH = YES;
				SDKROOT = iphoneos;
				SWIFT_ACTIVE_COMPILATION_CONDITIONS = DEBUG;
				SWIFT_OPTIMIZATION_LEVEL = "-Onone";
			};
			name = Debug;
		};
		AD5C7DBD21C10B06005036D2 /* Release */ = {
			isa = XCBuildConfiguration;
			buildSettings = {
				ALWAYS_SEARCH_USER_PATHS = NO;
				CLANG_ANALYZER_NONNULL = YES;
				CLANG_ANALYZER_NUMBER_OBJECT_CONVERSION = YES_AGGRESSIVE;
				CLANG_CXX_LANGUAGE_STANDARD = "gnu++14";
				CLANG_CXX_LIBRARY = "libc++";
				CLANG_ENABLE_MODULES = YES;
				CLANG_ENABLE_OBJC_ARC = YES;
				CLANG_ENABLE_OBJC_WEAK = YES;
				CLANG_WARN_BLOCK_CAPTURE_AUTORELEASING = YES;
				CLANG_WARN_BOOL_CONVERSION = YES;
				CLANG_WARN_COMMA = YES;
				CLANG_WARN_CONSTANT_CONVERSION = YES;
				CLANG_WARN_DEPRECATED_OBJC_IMPLEMENTATIONS = YES;
				CLANG_WARN_DIRECT_OBJC_ISA_USAGE = YES_ERROR;
				CLANG_WARN_DOCUMENTATION_COMMENTS = YES;
				CLANG_WARN_EMPTY_BODY = YES;
				CLANG_WARN_ENUM_CONVERSION = YES;
				CLANG_WARN_INFINITE_RECURSION = YES;
				CLANG_WARN_INT_CONVERSION = YES;
				CLANG_WARN_NON_LITERAL_NULL_CONVERSION = YES;
				CLANG_WARN_OBJC_IMPLICIT_RETAIN_SELF = YES;
				CLANG_WARN_OBJC_LITERAL_CONVERSION = YES;
				CLANG_WARN_OBJC_ROOT_CLASS = YES_ERROR;
				CLANG_WARN_RANGE_LOOP_ANALYSIS = YES;
				CLANG_WARN_STRICT_PROTOTYPES = YES;
				CLANG_WARN_SUSPICIOUS_MOVE = YES;
				CLANG_WARN_UNGUARDED_AVAILABILITY = YES_AGGRESSIVE;
				CLANG_WARN_UNREACHABLE_CODE = YES;
				CLANG_WARN__DUPLICATE_METHOD_MATCH = YES;
				CODE_SIGN_IDENTITY = "iPhone Developer";
				COPY_PHASE_STRIP = NO;
				DEBUG_INFORMATION_FORMAT = "dwarf-with-dsym";
				ENABLE_NS_ASSERTIONS = NO;
				ENABLE_STRICT_OBJC_MSGSEND = YES;
				GCC_C_LANGUAGE_STANDARD = gnu11;
				GCC_NO_COMMON_BLOCKS = YES;
				GCC_WARN_64_TO_32_BIT_CONVERSION = YES;
				GCC_WARN_ABOUT_RETURN_TYPE = YES_ERROR;
				GCC_WARN_UNDECLARED_SELECTOR = YES;
				GCC_WARN_UNINITIALIZED_AUTOS = YES_AGGRESSIVE;
				GCC_WARN_UNUSED_FUNCTION = YES;
				GCC_WARN_UNUSED_VARIABLE = YES;
				IPHONEOS_DEPLOYMENT_TARGET = 12.1;
				MTL_ENABLE_DEBUG_INFO = NO;
				MTL_FAST_MATH = YES;
				SDKROOT = iphoneos;
				SWIFT_COMPILATION_MODE = wholemodule;
				SWIFT_OPTIMIZATION_LEVEL = "-O";
				VALIDATE_PRODUCT = YES;
			};
			name = Release;
		};
		AD5C7DBF21C10B06005036D2 /* Debug */ = {
			isa = XCBuildConfiguration;
			buildSettings = {
				ASSETCATALOG_COMPILER_APPICON_NAME = AppIcon;
				CODE_SIGN_STYLE = Automatic;
				DEVELOPMENT_TEAM = 3SAKQQACR7;
				FRAMEWORK_SEARCH_PATHS = (
					"$(inherited)",
					"$(PROJECT_DIR)/Carthage/Build/iOS",
				);
				INFOPLIST_FILE = hagikaze/Info.plist;
				LD_RUNPATH_SEARCH_PATHS = (
					"$(inherited)",
					"@executable_path/Frameworks",
				);
				PRODUCT_BUNDLE_IDENTIFIER = sh.sapphire.hagikaze;
				PRODUCT_NAME = "$(TARGET_NAME)";
				SWIFT_VERSION = 4.2;
				TARGETED_DEVICE_FAMILY = "1,2";
			};
			name = Debug;
		};
		AD5C7DC021C10B06005036D2 /* Release */ = {
			isa = XCBuildConfiguration;
			buildSettings = {
				ASSETCATALOG_COMPILER_APPICON_NAME = AppIcon;
				CODE_SIGN_STYLE = Automatic;
				DEVELOPMENT_TEAM = 3SAKQQACR7;
				FRAMEWORK_SEARCH_PATHS = (
					"$(inherited)",
					"$(PROJECT_DIR)/Carthage/Build/iOS",
				);
				INFOPLIST_FILE = hagikaze/Info.plist;
				LD_RUNPATH_SEARCH_PATHS = (
					"$(inherited)",
					"@executable_path/Frameworks",
				);
				PRODUCT_BUNDLE_IDENTIFIER = sh.sapphire.hagikaze;
				PRODUCT_NAME = "$(TARGET_NAME)";
				SWIFT_VERSION = 4.2;
				TARGETED_DEVICE_FAMILY = "1,2";
			};
			name = Release;
		};
		AD5C7DC221C10B06005036D2 /* Debug */ = {
			isa = XCBuildConfiguration;
			buildSettings = {
				ALWAYS_EMBED_SWIFT_STANDARD_LIBRARIES = YES;
				BUNDLE_LOADER = "$(TEST_HOST)";
				CODE_SIGN_STYLE = Automatic;
				DEVELOPMENT_TEAM = 3SAKQQACR7;
				INFOPLIST_FILE = hagikazeTests/Info.plist;
				LD_RUNPATH_SEARCH_PATHS = (
					"$(inherited)",
					"@executable_path/Frameworks",
					"@loader_path/Frameworks",
				);
				PRODUCT_BUNDLE_IDENTIFIER = sh.sapphire.hagikazeTests;
				PRODUCT_NAME = "$(TARGET_NAME)";
				SWIFT_VERSION = 4.2;
				TARGETED_DEVICE_FAMILY = "1,2";
				TEST_HOST = "$(BUILT_PRODUCTS_DIR)/hagikaze.app/hagikaze";
			};
			name = Debug;
		};
		AD5C7DC321C10B06005036D2 /* Release */ = {
			isa = XCBuildConfiguration;
			buildSettings = {
				ALWAYS_EMBED_SWIFT_STANDARD_LIBRARIES = YES;
				BUNDLE_LOADER = "$(TEST_HOST)";
				CODE_SIGN_STYLE = Automatic;
				DEVELOPMENT_TEAM = 3SAKQQACR7;
				INFOPLIST_FILE = hagikazeTests/Info.plist;
				LD_RUNPATH_SEARCH_PATHS = (
					"$(inherited)",
					"@executable_path/Frameworks",
					"@loader_path/Frameworks",
				);
				PRODUCT_BUNDLE_IDENTIFIER = sh.sapphire.hagikazeTests;
				PRODUCT_NAME = "$(TARGET_NAME)";
				SWIFT_VERSION = 4.2;
				TARGETED_DEVICE_FAMILY = "1,2";
				TEST_HOST = "$(BUILT_PRODUCTS_DIR)/hagikaze.app/hagikaze";
			};
			name = Release;
		};
		AD5C7DC521C10B06005036D2 /* Debug */ = {
			isa = XCBuildConfiguration;
			buildSettings = {
				ALWAYS_EMBED_SWIFT_STANDARD_LIBRARIES = YES;
				CODE_SIGN_STYLE = Automatic;
				DEVELOPMENT_TEAM = 3SAKQQACR7;
				INFOPLIST_FILE = hagikazeUITests/Info.plist;
				LD_RUNPATH_SEARCH_PATHS = (
					"$(inherited)",
					"@executable_path/Frameworks",
					"@loader_path/Frameworks",
				);
				PRODUCT_BUNDLE_IDENTIFIER = sh.sapphire.hagikazeUITests;
				PRODUCT_NAME = "$(TARGET_NAME)";
				SWIFT_VERSION = 4.2;
				TARGETED_DEVICE_FAMILY = "1,2";
				TEST_TARGET_NAME = hagikaze;
			};
			name = Debug;
		};
		AD5C7DC621C10B06005036D2 /* Release */ = {
			isa = XCBuildConfiguration;
			buildSettings = {
				ALWAYS_EMBED_SWIFT_STANDARD_LIBRARIES = YES;
				CODE_SIGN_STYLE = Automatic;
				DEVELOPMENT_TEAM = 3SAKQQACR7;
				INFOPLIST_FILE = hagikazeUITests/Info.plist;
				LD_RUNPATH_SEARCH_PATHS = (
					"$(inherited)",
					"@executable_path/Frameworks",
					"@loader_path/Frameworks",
				);
				PRODUCT_BUNDLE_IDENTIFIER = sh.sapphire.hagikazeUITests;
				PRODUCT_NAME = "$(TARGET_NAME)";
				SWIFT_VERSION = 4.2;
				TARGETED_DEVICE_FAMILY = "1,2";
				TEST_TARGET_NAME = hagikaze;
			};
			name = Release;
		};
/* End XCBuildConfiguration section */

/* Begin XCConfigurationList section */
		AD5C7D8F21C10B04005036D2 /* Build configuration list for PBXProject "hagikaze" */ = {
			isa = XCConfigurationList;
			buildConfigurations = (
				AD5C7DBC21C10B06005036D2 /* Debug */,
				AD5C7DBD21C10B06005036D2 /* Release */,
			);
			defaultConfigurationIsVisible = 0;
			defaultConfigurationName = Release;
		};
		AD5C7DBE21C10B06005036D2 /* Build configuration list for PBXNativeTarget "hagikaze" */ = {
			isa = XCConfigurationList;
			buildConfigurations = (
				AD5C7DBF21C10B06005036D2 /* Debug */,
				AD5C7DC021C10B06005036D2 /* Release */,
			);
			defaultConfigurationIsVisible = 0;
			defaultConfigurationName = Release;
		};
		AD5C7DC121C10B06005036D2 /* Build configuration list for PBXNativeTarget "hagikazeTests" */ = {
			isa = XCConfigurationList;
			buildConfigurations = (
				AD5C7DC221C10B06005036D2 /* Debug */,
				AD5C7DC321C10B06005036D2 /* Release */,
			);
			defaultConfigurationIsVisible = 0;
			defaultConfigurationName = Release;
		};
		AD5C7DC421C10B06005036D2 /* Build configuration list for PBXNativeTarget "hagikazeUITests" */ = {
			isa = XCConfigurationList;
			buildConfigurations = (
				AD5C7DC521C10B06005036D2 /* Debug */,
				AD5C7DC621C10B06005036D2 /* Release */,
			);
			defaultConfigurationIsVisible = 0;
			defaultConfigurationName = Release;
		};
/* End XCConfigurationList section */
	};
	rootObject = AD5C7D8C21C10B04005036D2 /* Project object */;
}
